{
  "version": "5",
  "remote": {
    "https://esm.sh/@supabase/supabase-js@2.75.0": "2560166a94e3385c37b1c4fa943ee9c729a44e92fc9c61c03037852dc494853e"
  },
  "workspace": {
    "packageJson": {
      "dependencies": [
        "npm:@types/react-dom@^19.2.3",
        "npm:@types/react@^19.2.17",
        "npm:@vitejs/plugin-react@^6.0.3",
        "npm:lucide-react@^1.23.0",
        "npm:oxlint@^1.71.0",
        "npm:playwright@^1.61.1",
        "npm:react-dom@^19.2.7",
        "npm:react@^19.2.7",
        "npm:vite@^8.1.1"
      ]
    }
  }
}
